
Microsoft Visual Studio Solution File, Format Version 12.00
# Visual Studio Version 16
VisualStudioVersion = 16.0.30114.105
MinimumVisualStudioVersion = 10.0.40219.1
Project("{2150E333-8FDC-42A3-9474-1A3956D46DE8}") = "src", "src", "{F806E6EE-FF76-43D8-A2E6-9255A16758CE}"
EndProject
Project("{FAE04EC0-301F-11D3-BF4B-00C04F79EFBC}") = "Moonlight", "src\Moonlight\Moonlight.csproj", "{4093C782-B1C7-4B5E-9725-B78897991C63}"
EndProject
Project("{FAE04EC0-301F-11D3-BF4B-00C04F79EFBC}") = "Moonlight.Api", "src\Moonlight.Api\Moonlight.Api.csproj", "{8DFFE452-7CC8-490F-B151-7E25D6E15CEE}"
EndProject
Global
	GlobalSection(SolutionConfigurationPlatforms) = preSolution
		Debug|Any CPU = Debug|Any CPU
		Release|Any CPU = Release|Any CPU
	EndGlobalSection
	GlobalSection(SolutionProperties) = preSolution
		HideSolutionNode = FALSE
	EndGlobalSection
	GlobalSection(ProjectConfigurationPlatforms) = postSolution
		{4093C782-B1C7-4B5E-9725-B78897991C63}.Debug|Any CPU.ActiveCfg = Debug|Any CPU
		{4093C782-B1C7-4B5E-9725-B78897991C63}.Debug|Any CPU.Build.0 = Debug|Any CPU
		{4093C782-B1C7-4B5E-9725-B78897991C63}.Release|Any CPU.ActiveCfg = Release|Any CPU
		{4093C782-B1C7-4B5E-9725-B78897991C63}.Release|Any CPU.Build.0 = Release|Any CPU
		{8DFFE452-7CC8-490F-B151-7E25D6E15CEE}.Debug|Any CPU.ActiveCfg = Debug|Any CPU
		{8DFFE452-7CC8-490F-B151-7E25D6E15CEE}.Debug|Any CPU.Build.0 = Debug|Any CPU
		{8DFFE452-7CC8-490F-B151-7E25D6E15CEE}.Release|Any CPU.ActiveCfg = Release|Any CPU
		{8DFFE452-7CC8-490F-B151-7E25D6E15CEE}.Release|Any CPU.Build.0 = Release|Any CPU
	EndGlobalSection
	GlobalSection(NestedProjects) = preSolution
		{4093C782-B1C7-4B5E-9725-B78897991C63} = {F806E6EE-FF76-43D8-A2E6-9255A16758CE}
		{8DFFE452-7CC8-490F-B151-7E25D6E15CEE} = {F806E6EE-FF76-43D8-A2E6-9255A16758CE}
	EndGlobalSection
EndGlobal
