
Microsoft Visual Studio Solution File, Format Version 12.00
# Visual Studio Version 17
VisualStudioVersion = 17.0.31903.59
MinimumVisualStudioVersion = 10.0.40219.1
Project("{2150E333-8FDC-42A3-9474-1A3956D46DE8}") = "src", "src", "{8CDF501D-FABE-4F58-8075-534DBA11BA0D}"
EndProject
Project("{FAE04EC0-301F-11D3-BF4B-00C04F79EFBC}") = "Moonlight", "src\Moonlight\Moonlight.csproj", "{DD4E3C8A-BC00-45B4-8B07-54FA3623E18A}"
EndProject
Project("{FAE04EC0-301F-11D3-BF4B-00C04F79EFBC}") = "Moonlight.Protocol", "src\Moonlight.Protocol\Moonlight.Protocol.csproj", "{D1AA49B7-EA20-462D-B9FB-99C3A7D87733}"
EndProject
Project("{FAE04EC0-301F-11D3-BF4B-00C04F79EFBC}") = "Moonlight.Api", "src\Moonlight.Api\Moonlight.Api.csproj", "{0FBD55F4-8172-4201-81C1-ED0EE6DDEF81}"
EndProject
Project("{FAE04EC0-301F-11D3-BF4B-00C04F79EFBC}") = "Moonlight.Tests", "tests\Moonlight.Tests.csproj", "{27C2D782-0038-47D7-BB7E-C471326316BA}"
EndProject
Project("{FAE04EC0-301F-11D3-BF4B-00C04F79EFBC}") = "Moonlight.Benchmarks", "benchmarks\Moonlight.Benchmarks.csproj", "{6BCBF8D0-50A9-4B66-85FC-D27F9DC09005}"
EndProject
Global
	GlobalSection(SolutionConfigurationPlatforms) = preSolution
		Debug|Any CPU = Debug|Any CPU
		Release|Any CPU = Release|Any CPU
	EndGlobalSection
	GlobalSection(SolutionProperties) = preSolution
		HideSolutionNode = FALSE
	EndGlobalSection
	GlobalSection(ProjectConfigurationPlatforms) = postSolution
		{DD4E3C8A-BC00-45B4-8B07-54FA3623E18A}.Debug|Any CPU.ActiveCfg = Debug|Any CPU
		{DD4E3C8A-BC00-45B4-8B07-54FA3623E18A}.Debug|Any CPU.Build.0 = Debug|Any CPU
		{DD4E3C8A-BC00-45B4-8B07-54FA3623E18A}.Release|Any CPU.ActiveCfg = Release|Any CPU
		{DD4E3C8A-BC00-45B4-8B07-54FA3623E18A}.Release|Any CPU.Build.0 = Release|Any CPU
		{D1AA49B7-EA20-462D-B9FB-99C3A7D87733}.Debug|Any CPU.ActiveCfg = Debug|Any CPU
		{D1AA49B7-EA20-462D-B9FB-99C3A7D87733}.Debug|Any CPU.Build.0 = Debug|Any CPU
		{D1AA49B7-EA20-462D-B9FB-99C3A7D87733}.Release|Any CPU.ActiveCfg = Release|Any CPU
		{D1AA49B7-EA20-462D-B9FB-99C3A7D87733}.Release|Any CPU.Build.0 = Release|Any CPU
		{0FBD55F4-8172-4201-81C1-ED0EE6DDEF81}.Debug|Any CPU.ActiveCfg = Debug|Any CPU
		{0FBD55F4-8172-4201-81C1-ED0EE6DDEF81}.Debug|Any CPU.Build.0 = Debug|Any CPU
		{0FBD55F4-8172-4201-81C1-ED0EE6DDEF81}.Release|Any CPU.ActiveCfg = Release|Any CPU
		{0FBD55F4-8172-4201-81C1-ED0EE6DDEF81}.Release|Any CPU.Build.0 = Release|Any CPU
		{27C2D782-0038-47D7-BB7E-C471326316BA}.Debug|Any CPU.ActiveCfg = Debug|Any CPU
		{27C2D782-0038-47D7-BB7E-C471326316BA}.Debug|Any CPU.Build.0 = Debug|Any CPU
		{27C2D782-0038-47D7-BB7E-C471326316BA}.Release|Any CPU.ActiveCfg = Release|Any CPU
		{27C2D782-0038-47D7-BB7E-C471326316BA}.Release|Any CPU.Build.0 = Release|Any CPU
		{6BCBF8D0-50A9-4B66-85FC-D27F9DC09005}.Debug|Any CPU.ActiveCfg = Debug|Any CPU
		{6BCBF8D0-50A9-4B66-85FC-D27F9DC09005}.Debug|Any CPU.Build.0 = Debug|Any CPU
		{6BCBF8D0-50A9-4B66-85FC-D27F9DC09005}.Release|Any CPU.ActiveCfg = Release|Any CPU
		{6BCBF8D0-50A9-4B66-85FC-D27F9DC09005}.Release|Any CPU.Build.0 = Release|Any CPU
	EndGlobalSection
	GlobalSection(NestedProjects) = preSolution
		{DD4E3C8A-BC00-45B4-8B07-54FA3623E18A} = {8CDF501D-FABE-4F58-8075-534DBA11BA0D}
		{D1AA49B7-EA20-462D-B9FB-99C3A7D87733} = {8CDF501D-FABE-4F58-8075-534DBA11BA0D}
		{0FBD55F4-8172-4201-81C1-ED0EE6DDEF81} = {8CDF501D-FABE-4F58-8075-534DBA11BA0D}
	EndGlobalSection
EndGlobal
